
Microsoft Visual Studio Solution File, Format Version 12.00
# Visual Studio Version 17
VisualStudioVersion = 17.4.33403.182
MinimumVisualStudioVersion = 10.0.40219.1
Project("{9A19103F-16F7-4668-BE54-9A1E7A4F7556}") = "Labo_1", "Labo_1\Labo_1.csproj", "{77BA232E-29AA-429E-B425-E7BFE4504C4B}"
EndProject
Project("{9A19103F-16F7-4668-BE54-9A1E7A4F7556}") = "MaLibrairieForme", "MaLibrairieForme\MaLibrairieForme.csproj", "{ED6012D9-2270-484A-A9E3-65D59CA1A52F}"
EndProject
Project("{9A19103F-16F7-4668-BE54-9A1E7A4F7556}") = "MaLibrairieFormeTests", "MaLibrairieFormeTests\MaLibrairieFormeTests.csproj", "{98181D63-10C9-4883-B331-C1724371F2B2}"
EndProject
Project("{9A19103F-16F7-4668-BE54-9A1E7A4F7556}") = "MathUtil", "MathUtil\MathUtil.csproj", "{F632170D-5108-4266-9811-37F879204344}"
EndProject
Project("{9A19103F-16F7-4668-BE54-9A1E7A4F7556}") = "Comparer", "Comparer\Comparer.csproj", "{0F7D53CA-A4A4-4FDD-85B6-D7DC12832782}"
EndProject
Project("{9A19103F-16F7-4668-BE54-9A1E7A4F7556}") = "Calculatrice", "Calculatrice\Calculatrice.csproj", "{4F1E8E09-9C3A-4EDF-9896-0210BE17B18B}"
EndProject
Global
	GlobalSection(SolutionConfigurationPlatforms) = preSolution
		Debug|Any CPU = Debug|Any CPU
		Release|Any CPU = Release|Any CPU
	EndGlobalSection
	GlobalSection(ProjectConfigurationPlatforms) = postSolution
		{77BA232E-29AA-429E-B425-E7BFE4504C4B}.Debug|Any CPU.ActiveCfg = Debug|Any CPU
		{77BA232E-29AA-429E-B425-E7BFE4504C4B}.Debug|Any CPU.Build.0 = Debug|Any CPU
		{77BA232E-29AA-429E-B425-E7BFE4504C4B}.Release|Any CPU.ActiveCfg = Release|Any CPU
		{77BA232E-29AA-429E-B425-E7BFE4504C4B}.Release|Any CPU.Build.0 = Release|Any CPU
		{ED6012D9-2270-484A-A9E3-65D59CA1A52F}.Debug|Any CPU.ActiveCfg = Debug|Any CPU
		{ED6012D9-2270-484A-A9E3-65D59CA1A52F}.Debug|Any CPU.Build.0 = Debug|Any CPU
		{ED6012D9-2270-484A-A9E3-65D59CA1A52F}.Release|Any CPU.ActiveCfg = Release|Any CPU
		{ED6012D9-2270-484A-A9E3-65D59CA1A52F}.Release|Any CPU.Build.0 = Release|Any CPU
		{98181D63-10C9-4883-B331-C1724371F2B2}.Debug|Any CPU.ActiveCfg = Debug|Any CPU
		{98181D63-10C9-4883-B331-C1724371F2B2}.Debug|Any CPU.Build.0 = Debug|Any CPU
		{98181D63-10C9-4883-B331-C1724371F2B2}.Release|Any CPU.ActiveCfg = Release|Any CPU
		{98181D63-10C9-4883-B331-C1724371F2B2}.Release|Any CPU.Build.0 = Release|Any CPU
		{F632170D-5108-4266-9811-37F879204344}.Debug|Any CPU.ActiveCfg = Debug|Any CPU
		{F632170D-5108-4266-9811-37F879204344}.Debug|Any CPU.Build.0 = Debug|Any CPU
		{F632170D-5108-4266-9811-37F879204344}.Release|Any CPU.ActiveCfg = Release|Any CPU
		{F632170D-5108-4266-9811-37F879204344}.Release|Any CPU.Build.0 = Release|Any CPU
		{0F7D53CA-A4A4-4FDD-85B6-D7DC12832782}.Debug|Any CPU.ActiveCfg = Debug|Any CPU
		{0F7D53CA-A4A4-4FDD-85B6-D7DC12832782}.Debug|Any CPU.Build.0 = Debug|Any CPU
		{0F7D53CA-A4A4-4FDD-85B6-D7DC12832782}.Release|Any CPU.ActiveCfg = Release|Any CPU
		{0F7D53CA-A4A4-4FDD-85B6-D7DC12832782}.Release|Any CPU.Build.0 = Release|Any CPU
		{4F1E8E09-9C3A-4EDF-9896-0210BE17B18B}.Debug|Any CPU.ActiveCfg = Debug|Any CPU
		{4F1E8E09-9C3A-4EDF-9896-0210BE17B18B}.Debug|Any CPU.Build.0 = Debug|Any CPU
		{4F1E8E09-9C3A-4EDF-9896-0210BE17B18B}.Release|Any CPU.ActiveCfg = Release|Any CPU
		{4F1E8E09-9C3A-4EDF-9896-0210BE17B18B}.Release|Any CPU.Build.0 = Release|Any CPU
	EndGlobalSection
	GlobalSection(SolutionProperties) = preSolution
		HideSolutionNode = FALSE
	EndGlobalSection
	GlobalSection(ExtensibilityGlobals) = postSolution
		SolutionGuid = {C0F7389C-3062-43AF-A8D4-7BEE34100C75}
	EndGlobalSection
EndGlobal
